{
  "name": "espacio-nagare",
  "version": "1.0.0",
  "lockfileVersion": 3,
  "requires": true,
  "packages": {
    "": {
      "name": "espacio-nagare",
      "version": "1.0.0"
    },
    "client": {
      "version": "0.0.0",
      "extraneous": true,
      "dependencies": {
        "vue": "^3.5.24"
      },
      "devDependencies": {
        "@vitejs/plugin-vue": "^5.1.4",
        "vite": "^5.4.11"
      }
    }
  }
}
